{
  "name": "editorjs-lib",
  "lockfileVersion": 3,
  "requires": true,
  "packages": {
    "": {
      "dependencies": {
        "@calumk/editorjs-nested-checklist": "^1.1.0",
        "@editorjs/delimiter": "^1.4.0",
        "@editorjs/editorjs": "^2.28.2",
        "@editorjs/header": "^2.8.1",
        "@editorjs/link": "^2.6.2",
        "@editorjs/list": "^1.9.0",
        "@editorjs/marker": "^1.4.0",
        "@editorjs/quote": "^2.6.0",
        "@editorjs/simple-image": "^1.6.0",
        "@editorjs/text-variant-tune": "^1.0.1",
        "@editorjs/underline": "^1.1.0",
        "@sotaproject/strikethrough": "^1.0.1",
        "editorjs-drag-drop": "^1.1.13",
        "editorjs-html": "^3.4.3",
        "editorjs-inline-spoiler-tool": "^1.0.1",
        "editorjs-undo": "^2.0.26",
        "turndown": "^7.1.2"
      }
    },
    "node_modules/@babel/runtime": {
      "version": "7.23.4",
      "resolved": "https://registry.npmjs.org/@babel/runtime/-/runtime-7.23.4.tgz",
      "integrity": "sha512-2Yv65nlWnWlSpe3fXEyX5i7fx5kIKo4Qbcj+hMO0odwaneFjfXw5fdum+4yL20O0QiaHpia0cYQ9xpNMqrBwHg==",
      "dependencies": {
        "regenerator-runtime": "^0.14.0"
      },
      "engines": {
        "node": ">=6.9.0"
      }
    },
    "node_modules/@calumk/editorjs-nested-checklist": {
      "version": "1.1.0",
      "resolved": "https://registry.npmjs.org/@calumk/editorjs-nested-checklist/-/editorjs-nested-checklist-1.1.0.tgz",
      "integrity": "sha512-dNNQnpoP+gf+1hvkIl/MzrkVuVeIkT/R2pKfOkkLqUHgpan7UpKjaW43W0+tj2Ct85PzhoJV3wMIbTo1qVvFlg=="
    },
    "node_modules/@codexteam/icons": {
      "version": "0.0.5",
      "resolved": "https://registry.npmjs.org/@codexteam/icons/-/icons-0.0.5.tgz",
      "integrity": "sha512-s6H2KXhLz2rgbMZSkRm8dsMJvyUNZsEjxobBEg9ztdrb1B2H3pEzY6iTwI4XUPJWJ3c3qRKwV4TrO3J5jUdoQA=="
    },
    "node_modules/@editorjs/delimiter": {
      "version": "1.4.0",
      "resolved": "https://registry.npmjs.org/@editorjs/delimiter/-/delimiter-1.4.0.tgz",
      "integrity": "sha512-i1Wm3UQsVisM7Fh9focJ1a4kX2l7IxO3zrEd+GmYoPVaNwxb/63GLNbGfCCGZBuvUyzeUDnc8cdhD1QQGwUZIg==",
      "dependencies": {
        "@codexteam/icons": "^0.0.5"
      }
    },
    "node_modules/@editorjs/editorjs": {
      "version": "2.28.2",
      "resolved": "https://registry.npmjs.org/@editorjs/editorjs/-/editorjs-2.28.2.tgz",
      "integrity": "sha512-g6V0Nd3W9IIWMpvxDNTssQ6e4kxBp1Y0W4GIf8cXRlmcBp3TUjrgCYJQmNy3l2a6ZzhyBAoVSe8krJEq4g7PQw=="
    },
    "node_modules/@editorjs/header": {
      "version": "2.8.1",
      "resolved": "https://registry.npmjs.org/@editorjs/header/-/header-2.8.1.tgz",
      "integrity": "sha512-y0HVXRP7m2W617CWo3fsb5HhXmSLaRpb9GzFx0Vkp/HEm9Dz5YO1s8tC7R8JD3MskwoYh7V0hRFQt39io/r6hA==",
      "dependencies": {
        "@codexteam/icons": "^0.0.5"
      }
    },
    "node_modules/@editorjs/link": {
      "version": "2.6.2",
      "resolved": "https://registry.npmjs.org/@editorjs/link/-/link-2.6.2.tgz",
      "integrity": "sha512-3cPx6M4ZvwDDvsi0E0fvMR3rvveAV/C0GRo1JLeZJ9cG9QgyoNolj4eu5Eqx3/r1XTC/he54qYEIZ/Dc4Lr4Ow==",
      "dependencies": {
        "@babel/runtime": "^7.10.2",
        "@codexteam/icons": "^0.0.4"
      }
    },
    "node_modules/@editorjs/link/node_modules/@codexteam/icons": {
      "version": "0.0.4",
      "resolved": "https://registry.npmjs.org/@codexteam/icons/-/icons-0.0.4.tgz",
      "integrity": "sha512-V8N/TY2TGyas4wLrPIFq7bcow68b3gu8DfDt1+rrHPtXxcexadKauRJL6eQgfG7Z0LCrN4boLRawR4S9gjIh/Q=="
    },
    "node_modules/@editorjs/list": {
      "version": "1.9.0",
      "resolved": "https://registry.npmjs.org/@editorjs/list/-/list-1.9.0.tgz",
      "integrity": "sha512-BQEvZW4vi0O0dBvGNljiKxiE89vMSHoM2Tu2OzKUndoj7pY9AxqpgCh1qvwIVsJAlG4Lbt/vBFQilnoStMmI6A==",
      "dependencies": {
        "@codexteam/icons": "^0.0.4"
      }
    },
    "node_modules/@editorjs/list/node_modules/@codexteam/icons": {
      "version": "0.0.4",
      "resolved": "https://registry.npmjs.org/@codexteam/icons/-/icons-0.0.4.tgz",
      "integrity": "sha512-V8N/TY2TGyas4wLrPIFq7bcow68b3gu8DfDt1+rrHPtXxcexadKauRJL6eQgfG7Z0LCrN4boLRawR4S9gjIh/Q=="
    },
    "node_modules/@editorjs/marker": {
      "version": "1.4.0",
      "resolved": "https://registry.npmjs.org/@editorjs/marker/-/marker-1.4.0.tgz",
      "integrity": "sha512-5ipEXfL44jTTRzgNp/p/YjMO7jT08S5z4V8qA3FFJTfdhKgQyM3mvP1zpdYKw47ZZpVWMCncvk5Nto3BxihEtg==",
      "dependencies": {
        "@codexteam/icons": "^0.0.5"
      }
    },
    "node_modules/@editorjs/quote": {
      "version": "2.6.0",
      "resolved": "https://registry.npmjs.org/@editorjs/quote/-/quote-2.6.0.tgz",
      "integrity": "sha512-8DiCMBT4n4UDV5bgzvfRH26HmL6YWddGC4+twvjhR+PzX0gwrnY8nFifvro79EeSqxwRtFjjlGnu5I0VTfw5aQ==",
      "dependencies": {
        "@codexteam/icons": "^0.0.5"
      }
    },
    "node_modules/@editorjs/simple-image": {
      "version": "1.6.0",
      "resolved": "https://registry.npmjs.org/@editorjs/simple-image/-/simple-image-1.6.0.tgz",
      "integrity": "sha512-WvdGfQPlozwZd3PXQrJnRXk6gEYbv1U2vRupYJ6lTd3/UsLInXYUX5jSFcnGB5ZMH3bd0JDZfcb4d4Sv1/1big==",
      "dependencies": {
        "@codexteam/icons": "^0.0.6"
      }
    },
    "node_modules/@editorjs/simple-image/node_modules/@codexteam/icons": {
      "version": "0.0.6",
      "resolved": "https://registry.npmjs.org/@codexteam/icons/-/icons-0.0.6.tgz",
      "integrity": "sha512-L7Q5PET8PjKcBT5wp7VR+FCjwCi5PUp7rd/XjsgQ0CI5FJz0DphyHGRILMuDUdCW2MQT9NHbVr4QP31vwAkS/A=="
    },
    "node_modules/@editorjs/text-variant-tune": {
      "version": "1.0.1",
      "resolved": "https://registry.npmjs.org/@editorjs/text-variant-tune/-/text-variant-tune-1.0.1.tgz",
      "integrity": "sha512-uVRbiMeJ14XjlP4cLqHxgQpdqbQnuQgUhlMQUFDLi7yanbEqWmb0gguZjmbdl6gnBYeUYRv9IbyOva3Iaif6ZQ=="
    },
    "node_modules/@editorjs/underline": {
      "version": "1.1.0",
      "resolved": "https://registry.npmjs.org/@editorjs/underline/-/underline-1.1.0.tgz",
      "integrity": "sha512-vQj2ROW1KreD31QHlhaPikmDJGWYzRBusN4Zyfwl9nIIQCByt4S8fZQpsrRvH4sct5mkirsHllNT00rJlqHK7Q==",
      "dependencies": {
        "@codexteam/icons": "^0.0.6"
      }
    },
    "node_modules/@editorjs/underline/node_modules/@codexteam/icons": {
      "version": "0.0.6",
      "resolved": "https://registry.npmjs.org/@codexteam/icons/-/icons-0.0.6.tgz",
      "integrity": "sha512-L7Q5PET8PjKcBT5wp7VR+FCjwCi5PUp7rd/XjsgQ0CI5FJz0DphyHGRILMuDUdCW2MQT9NHbVr4QP31vwAkS/A=="
    },
    "node_modules/@sotaproject/strikethrough": {
      "version": "1.0.1",
      "resolved": "https://registry.npmjs.org/@sotaproject/strikethrough/-/strikethrough-1.0.1.tgz",
      "integrity": "sha512-tgfYXrg+lY6lCh2ZXyoPfe8rxpe+orRgiI2mOSyu1z/+gb9xIjOGhIXNgC6ehOmZUzqtoWzi9SrIEALCYfQpjA==",
      "dependencies": {
        "@codexteam/icons": "^0.0.8"
      }
    },
    "node_modules/@sotaproject/strikethrough/node_modules/@codexteam/icons": {
      "version": "0.0.8",
      "resolved": "https://registry.npmjs.org/@codexteam/icons/-/icons-0.0.8.tgz",
      "integrity": "sha512-toTLbLPbrDFl2ZK2mtDC+P7sdrJaqOK6URsjFy6m54Pry8q4ckKeKJ1fOEwVcSGKiwdRhrRO3ZzSbL16DaIBJA=="
    },
    "node_modules/domino": {
      "version": "2.1.6",
      "resolved": "https://registry.npmjs.org/domino/-/domino-2.1.6.tgz",
      "integrity": "sha512-3VdM/SXBZX2omc9JF9nOPCtDaYQ67BGp5CoLpIQlO2KCAPETs8TcDHacF26jXadGbvUteZzRTeos2fhID5+ucQ=="
    },
    "node_modules/editorjs-drag-drop": {
      "version": "1.1.13",
      "resolved": "https://registry.npmjs.org/editorjs-drag-drop/-/editorjs-drag-drop-1.1.13.tgz",
      "integrity": "sha512-/82RIXP8/zix6Y8/Mnonk1z7XljFvKmsIFbCrP6JTbdWztqoApyUCsnouHTZ4tF51/BTszYV3Z9ennQrXrHCzA=="
    },
    "node_modules/editorjs-html": {
      "version": "3.4.3",
      "resolved": "https://registry.npmjs.org/editorjs-html/-/editorjs-html-3.4.3.tgz",
      "integrity": "sha512-HMqQ3BCE98uhSpJsbfH0c3CoMctUMCHlap2Eq/7/VjaHas+g3IJqyf+ERtMByoQCzvcW22ISYaZEeE7rGkd8Xg=="
    },
    "node_modules/editorjs-inline-spoiler-tool": {
      "version": "1.0.1",
      "resolved": "https://registry.npmjs.org/editorjs-inline-spoiler-tool/-/editorjs-inline-spoiler-tool-1.0.1.tgz",
      "integrity": "sha512-WMsIKbHhOZ5fgZzjizl/N3K9Pig/gAknlICOyyeGLN114Y9KOrU2hjHPmxn/K/79QU6GVI+iJZ6+KWCwg6ZLLA=="
    },
    "node_modules/editorjs-undo": {
      "version": "2.0.26",
      "resolved": "https://registry.npmjs.org/editorjs-undo/-/editorjs-undo-2.0.26.tgz",
      "integrity": "sha512-5WcjSL55K9EIjatRWNv+lLY3crPWlTQ8hk36JU7mvF/8rZPhrExCQS5QPsHmR2KjL1up4CctApz7I4TY0Eug+Q==",
      "dependencies": {
        "vanilla-caret-js": "^1.0.1"
      }
    },
    "node_modules/regenerator-runtime": {
      "version": "0.14.0",
      "resolved": "https://registry.npmjs.org/regenerator-runtime/-/regenerator-runtime-0.14.0.tgz",
      "integrity": "sha512-srw17NI0TUWHuGa5CFGGmhfNIeja30WMBfbslPNhf6JrqQlLN5gcrvig1oqPxiVaXb0oW0XRKtH6Nngs5lKCIA=="
    },
    "node_modules/turndown": {
      "version": "7.1.2",
      "resolved": "https://registry.npmjs.org/turndown/-/turndown-7.1.2.tgz",
      "integrity": "sha512-ntI9R7fcUKjqBP6QU8rBK2Ehyt8LAzt3UBT9JR9tgo6GtuKvyUzpayWmeMKJw1DPdXzktvtIT8m2mVXz+bL/Qg==",
      "dependencies": {
        "domino": "^2.1.6"
      }
    },
    "node_modules/vanilla-caret-js": {
      "version": "1.1.0",
      "resolved": "https://registry.npmjs.org/vanilla-caret-js/-/vanilla-caret-js-1.1.0.tgz",
      "integrity": "sha512-vl3R4Xjqb+xnM0gYyg+wcqWGYwKKnkz58Yj29/FQB+w+yP7R8IR1DGoJnDIs05moEZiGlQUTabPMoEtnQNcrpQ=="
    }
  }
}
